
Microsoft Visual Studio Solution File, Format Version 12.00
# Visual Studio Version 16
VisualStudioVersion = 16.0.33423.256
MinimumVisualStudioVersion = 10.0.40219.1
Project("{FAE04EC0-301F-11D3-BF4B-00C04F79EFBC}") = "Notepad", "Notepad.csproj", "{13351692-9E61-4C6A-B4CB-B21FE0D23613}"
EndProject
Global
	GlobalSection(SolutionConfigurationPlatforms) = preSolution
		Debug|Any CPU = Debug|Any CPU
		Release|Any CPU = Release|Any CPU
	EndGlobalSection
	GlobalSection(ProjectConfigurationPlatforms) = postSolution
		{13351692-9E61-4C6A-B4CB-B21FE0D23613}.Debug|Any CPU.ActiveCfg = Debug|Any CPU
		{13351692-9E61-4C6A-B4CB-B21FE0D23613}.Debug|Any CPU.Build.0 = Debug|Any CPU
		{13351692-9E61-4C6A-B4CB-B21FE0D23613}.Release|Any CPU.ActiveCfg = Release|Any CPU
		{13351692-9E61-4C6A-B4CB-B21FE0D23613}.Release|Any CPU.Build.0 = Release|Any CPU
	EndGlobalSection
	GlobalSection(SolutionProperties) = preSolution
		HideSolutionNode = FALSE
	EndGlobalSection
	GlobalSection(ExtensibilityGlobals) = postSolution
		SolutionGuid = {79467228-39ED-49EF-BB9D-9D85A8A02D16}
	EndGlobalSection
EndGlobal
